// !$*UTF8*$!
{
	archiveVersion = 1;
	classes = {
	};
	objectVersion = 77;
	objects = {

/* Begin PBXBuildFile section */
		2B0544A22E86A1F90092FA37 /* Tracker.xcdatamodeld in Sources */ = {isa = PBXBuildFile; fileRef = 2B0544812E86A1F90092FA37 /* Tracker.xcdatamodeld */; };
		2BD271262EA903F30006C455 /* InlineSnapshotTesting in Frameworks */ = {isa = PBXBuildFile; productRef = 2BD271252EA903F30006C455 /* InlineSnapshotTesting */; };
		2BD271282EA903F30006C455 /* SnapshotTesting in Frameworks */ = {isa = PBXBuildFile; productRef = 2BD271272EA903F30006C455 /* SnapshotTesting */; };
		2BD2712A2EA903F30006C455 /* SnapshotTestingCustomDump in Frameworks */ = {isa = PBXBuildFile; productRef = 2BD271292EA903F30006C455 /* SnapshotTestingCustomDump */; };
		2BD271372EAA994F0006C455 /* AppMetricaAdSupport in Frameworks */ = {isa = PBXBuildFile; productRef = 2BD271362EAA994F0006C455 /* AppMetricaAdSupport */; };
		2BD271392EAA994F0006C455 /* AppMetricaCore in Frameworks */ = {isa = PBXBuildFile; productRef = 2BD271382EAA994F0006C455 /* AppMetricaCore */; };
		2BD2713B2EAA994F0006C455 /* AppMetricaCrashes in Frameworks */ = {isa = PBXBuildFile; productRef = 2BD2713A2EAA994F0006C455 /* AppMetricaCrashes */; };
		2BD2713D2EAA994F0006C455 /* AppMetricaIDSync in Frameworks */ = {isa = PBXBuildFile; productRef = 2BD2713C2EAA994F0006C455 /* AppMetricaIDSync */; };
		2BD2713F2EAA994F0006C455 /* AppMetricaLibraryAdapter in Frameworks */ = {isa = PBXBuildFile; productRef = 2BD2713E2EAA994F0006C455 /* AppMetricaLibraryAdapter */; };
/* End PBXBuildFile section */

/* Begin PBXContainerItemProxy section */
		2B7FF75F2E5F716200B7F51F /* PBXContainerItemProxy */ = {
			isa = PBXContainerItemProxy;
			containerPortal = 2B7FF73D2E5F716000B7F51F /* Project object */;
			proxyType = 1;
			remoteGlobalIDString = 2B7FF7442E5F716000B7F51F;
			remoteInfo = Tracker;
		};
		2B7FF7692E5F716200B7F51F /* PBXContainerItemProxy */ = {
			isa = PBXContainerItemProxy;
			containerPortal = 2B7FF73D2E5F716000B7F51F /* Project object */;
			proxyType = 1;
			remoteGlobalIDString = 2B7FF7442E5F716000B7F51F;
			remoteInfo = Tracker;
		};
/* End PBXContainerItemProxy section */

/* Begin PBXFileReference section */
		2B0544892E86A1F90092FA37 /* Tracker.xcdatamodel */ = {isa = PBXFileReference; lastKnownFileType = wrapper.xcdatamodel; path = Tracker.xcdatamodel; sourceTree = "<group>"; };
		2B7FF7452E5F716000B7F51F /* Tracker.app */ = {isa = PBXFileReference; explicitFileType = wrapper.application; includeInIndex = 0; path = Tracker.app; sourceTree = BUILT_PRODUCTS_DIR; };
		2B7FF75E2E5F716200B7F51F /* TrackerTests.xctest */ = {isa = PBXFileReference; explicitFileType = wrapper.cfbundle; includeInIndex = 0; path = TrackerTests.xctest; sourceTree = BUILT_PRODUCTS_DIR; };
		2B7FF7682E5F716200B7F51F /* TrackerUITests.xctest */ = {isa = PBXFileReference; explicitFileType = wrapper.cfbundle; includeInIndex = 0; path = TrackerUITests.xctest; sourceTree = BUILT_PRODUCTS_DIR; };
/* End PBXFileReference section */

/* Begin PBXFileSystemSynchronizedBuildFileExceptionSet section */
		2B0543282E76DB750092FA37 /* Exceptions for "Tracker" folder in "TrackerTests" target */ = {
			isa = PBXFileSystemSynchronizedBuildFileExceptionSet;
			membershipExceptions = (
				"Fonts/SFProText-Bold.ttf",
				"Fonts/SFProText-BoldItalic.ttf",
				"Fonts/SFProText-Heavy.ttf",
				"Fonts/SFProText-HeavyItalic.ttf",
				"Fonts/SFProText-Light.ttf",
				"Fonts/SFProText-LightItalic.ttf",
				"Fonts/SFProText-Medium.ttf",
				"Fonts/SFProText-MediumItalic.ttf",
				"Fonts/SFProText-Regular.ttf",
				"Fonts/SFProText-RegularItalic.ttf",
				"Fonts/SFProText-Semibold.ttf",
				"Fonts/SFProText-SemiboldItalic.ttf",
			);
			target = 2B7FF75D2E5F716200B7F51F /* TrackerTests */;
		};
		2B0543292E76DB750092FA37 /* Exceptions for "Tracker" folder in "TrackerUITests" target */ = {
			isa = PBXFileSystemSynchronizedBuildFileExceptionSet;
			membershipExceptions = (
				"Fonts/SFProText-Bold.ttf",
				"Fonts/SFProText-BoldItalic.ttf",
				"Fonts/SFProText-Heavy.ttf",
				"Fonts/SFProText-HeavyItalic.ttf",
				"Fonts/SFProText-Light.ttf",
				"Fonts/SFProText-LightItalic.ttf",
				"Fonts/SFProText-Medium.ttf",
				"Fonts/SFProText-MediumItalic.ttf",
				"Fonts/SFProText-Regular.ttf",
				"Fonts/SFProText-RegularItalic.ttf",
				"Fonts/SFProText-Semibold.ttf",
				"Fonts/SFProText-SemiboldItalic.ttf",
			);
			target = 2B7FF7672E5F716200B7F51F /* TrackerUITests */;
		};
		2B0B97C72E98466D00EB0C6F /* Exceptions for "Tracker" folder in "Tracker" target */ = {
			isa = PBXFileSystemSynchronizedBuildFileExceptionSet;
			membershipExceptions = (
				Info.plist,
			);
			target = 2B7FF7442E5F716000B7F51F /* Tracker */;
		};
/* End PBXFileSystemSynchronizedBuildFileExceptionSet section */

/* Begin PBXFileSystemSynchronizedRootGroup section */
		2B7FF7472E5F716000B7F51F /* Tracker */ = {
			isa = PBXFileSystemSynchronizedRootGroup;
			exceptions = (
				2B0B97C72E98466D00EB0C6F /* Exceptions for "Tracker" folder in "Tracker" target */,
				2B0543282E76DB750092FA37 /* Exceptions for "Tracker" folder in "TrackerTests" target */,
				2B0543292E76DB750092FA37 /* Exceptions for "Tracker" folder in "TrackerUITests" target */,
			);
			path = Tracker;
			sourceTree = "<group>";
		};
		2B7FF7612E5F716200B7F51F /* TrackerTests */ = {
			isa = PBXFileSystemSynchronizedRootGroup;
			path = TrackerTests;
			sourceTree = "<group>";
		};
		2B7FF76B2E5F716200B7F51F /* TrackerUITests */ = {
			isa = PBXFileSystemSynchronizedRootGroup;
			path = TrackerUITests;
			sourceTree = "<group>";
		};
/* End PBXFileSystemSynchronizedRootGroup section */

/* Begin PBXFrameworksBuildPhase section */
		2B7FF7422E5F716000B7F51F /* Frameworks */ = {
			isa = PBXFrameworksBuildPhase;
			buildActionMask = 2147483647;
			files = (
				2BD2713D2EAA994F0006C455 /* AppMetricaIDSync in Frameworks */,
				2BD2713F2EAA994F0006C455 /* AppMetricaLibraryAdapter in Frameworks */,
				2BD2713B2EAA994F0006C455 /* AppMetricaCrashes in Frameworks */,
				2BD271372EAA994F0006C455 /* AppMetricaAdSupport in Frameworks */,
				2BD271392EAA994F0006C455 /* AppMetricaCore in Frameworks */,
			);
			runOnlyForDeploymentPostprocessing = 0;
		};
		2B7FF75B2E5F716200B7F51F /* Frameworks */ = {
			isa = PBXFrameworksBuildPhase;
			buildActionMask = 2147483647;
			files = (
				2BD2712A2EA903F30006C455 /* SnapshotTestingCustomDump in Frameworks */,
				2BD271262EA903F30006C455 /* InlineSnapshotTesting in Frameworks */,
				2BD271282EA903F30006C455 /* SnapshotTesting in Frameworks */,
			);
			runOnlyForDeploymentPostprocessing = 0;
		};
		2B7FF7652E5F716200B7F51F /* Frameworks */ = {
			isa = PBXFrameworksBuildPhase;
			buildActionMask = 2147483647;
			files = (
			);
			runOnlyForDeploymentPostprocessing = 0;
		};
/* End PBXFrameworksBuildPhase section */

/* Begin PBXGroup section */
		2B7FF73C2E5F716000B7F51F = {
			isa = PBXGroup;
			children = (
				2B0544812E86A1F90092FA37 /* Tracker.xcdatamodeld */,
				2B7FF7472E5F716000B7F51F /* Tracker */,
				2B7FF7612E5F716200B7F51F /* TrackerTests */,
				2B7FF76B2E5F716200B7F51F /* TrackerUITests */,
				2B7FF7462E5F716000B7F51F /* Products */,
			);
			sourceTree = "<group>";
		};
		2B7FF7462E5F716000B7F51F /* Products */ = {
			isa = PBXGroup;
			children = (
				2B7FF7452E5F716000B7F51F /* Tracker.app */,
				2B7FF75E2E5F716200B7F51F /* TrackerTests.xctest */,
				2B7FF7682E5F716200B7F51F /* TrackerUITests.xctest */,
			);
			name = Products;
			sourceTree = "<group>";
		};
/* End PBXGroup section */

/* Begin PBXNativeTarget section */
		2B7FF7442E5F716000B7F51F /* Tracker */ = {
			isa = PBXNativeTarget;
			buildConfigurationList = 2B7FF7712E5F716200B7F51F /* Build configuration list for PBXNativeTarget "Tracker" */;
			buildPhases = (
				2B7FF7412E5F716000B7F51F /* Sources */,
				2B7FF7422E5F716000B7F51F /* Frameworks */,
				2B7FF7432E5F716000B7F51F /* Resources */,
			);
			buildRules = (
			);
			dependencies = (
			);
			fileSystemSynchronizedGroups = (
				2B7FF7472E5F716000B7F51F /* Tracker */,
			);
			name = Tracker;
			packageProductDependencies = (
				2BD271362EAA994F0006C455 /* AppMetricaAdSupport */,
				2BD271382EAA994F0006C455 /* AppMetricaCore */,
				2BD2713A2EAA994F0006C455 /* AppMetricaCrashes */,
				2BD2713C2EAA994F0006C455 /* AppMetricaIDSync */,
				2BD2713E2EAA994F0006C455 /* AppMetricaLibraryAdapter */,
			);
			productName = Tracker;
			productReference = 2B7FF7452E5F716000B7F51F /* Tracker.app */;
			productType = "com.apple.product-type.application";
		};
		2B7FF75D2E5F716200B7F51F /* TrackerTests */ = {
			isa = PBXNativeTarget;
			buildConfigurationList = 2B7FF7762E5F716200B7F51F /* Build configuration list for PBXNativeTarget "TrackerTests" */;
			buildPhases = (
				2B7FF75A2E5F716200B7F51F /* Sources */,
				2B7FF75B2E5F716200B7F51F /* Frameworks */,
				2B7FF75C2E5F716200B7F51F /* Resources */,
			);
			buildRules = (
			);
			dependencies = (
				2B7FF7602E5F716200B7F51F /* PBXTargetDependency */,
			);
			fileSystemSynchronizedGroups = (
				2B7FF7612E5F716200B7F51F /* TrackerTests */,
			);
			name = TrackerTests;
			packageProductDependencies = (
				2BD271252EA903F30006C455 /* InlineSnapshotTesting */,
				2BD271272EA903F30006C455 /* SnapshotTesting */,
				2BD271292EA903F30006C455 /* SnapshotTestingCustomDump */,
			);
			productName = TrackerTests;
			productReference = 2B7FF75E2E5F716200B7F51F /* TrackerTests.xctest */;
			productType = "com.apple.product-type.bundle.unit-test";
		};
		2B7FF7672E5F716200B7F51F /* TrackerUITests */ = {
			isa = PBXNativeTarget;
			buildConfigurationList = 2B7FF7792E5F716200B7F51F /* Build configuration list for PBXNativeTarget "TrackerUITests" */;
			buildPhases = (
				2B7FF7642E5F716200B7F51F /* Sources */,
				2B7FF7652E5F716200B7F51F /* Frameworks */,
				2B7FF7662E5F716200B7F51F /* Resources */,
			);
			buildRules = (
			);
			dependencies = (
				2B7FF76A2E5F716200B7F51F /* PBXTargetDependency */,
			);
			fileSystemSynchronizedGroups = (
				2B7FF76B2E5F716200B7F51F /* TrackerUITests */,
			);
			name = TrackerUITests;
			packageProductDependencies = (
			);
			productName = TrackerUITests;
			productReference = 2B7FF7682E5F716200B7F51F /* TrackerUITests.xctest */;
			productType = "com.apple.product-type.bundle.ui-testing";
		};
/* End PBXNativeTarget section */

/* Begin PBXProject section */
		2B7FF73D2E5F716000B7F51F /* Project object */ = {
			isa = PBXProject;
			attributes = {
				BuildIndependentTargetsInParallel = 1;
				LastSwiftUpdateCheck = 1610;
				LastUpgradeCheck = 1610;
				TargetAttributes = {
					2B7FF7442E5F716000B7F51F = {
						CreatedOnToolsVersion = 16.1;
					};
					2B7FF75D2E5F716200B7F51F = {
						CreatedOnToolsVersion = 16.1;
						TestTargetID = 2B7FF7442E5F716000B7F51F;
					};
					2B7FF7672E5F716200B7F51F = {
						CreatedOnToolsVersion = 16.1;
						TestTargetID = 2B7FF7442E5F716000B7F51F;
					};
				};
			};
			buildConfigurationList = 2B7FF7402E5F716000B7F51F /* Build configuration list for PBXProject "Tracker" */;
			developmentRegion = ru;
			hasScannedForEncodings = 0;
			knownRegions = (
				Base,
				ru,
				en,
			);
			mainGroup = 2B7FF73C2E5F716000B7F51F;
			minimizedProjectReferenceProxies = 1;
			packageReferences = (
				2BD271242EA903F30006C455 /* XCRemoteSwiftPackageReference "swift-snapshot-testing" */,
				2BD271352EAA994F0006C455 /* XCRemoteSwiftPackageReference "appmetrica-sdk-ios" */,
			);
			preferredProjectObjectVersion = 77;
			productRefGroup = 2B7FF7462E5F716000B7F51F /* Products */;
			projectDirPath = "";
			projectRoot = "";
			targets = (
				2B7FF7442E5F716000B7F51F /* Tracker */,
				2B7FF75D2E5F716200B7F51F /* TrackerTests */,
				2B7FF7672E5F716200B7F51F /* TrackerUITests */,
			);
		};
/* End PBXProject section */

/* Begin PBXResourcesBuildPhase section */
		2B7FF7432E5F716000B7F51F /* Resources */ = {
			isa = PBXResourcesBuildPhase;
			buildActionMask = 2147483647;
			files = (
			);
			runOnlyForDeploymentPostprocessing = 0;
		};
		2B7FF75C2E5F716200B7F51F /* Resources */ = {
			isa = PBXResourcesBuildPhase;
			buildActionMask = 2147483647;
			files = (
			);
			runOnlyForDeploymentPostprocessing = 0;
		};
		2B7FF7662E5F716200B7F51F /* Resources */ = {
			isa = PBXResourcesBuildPhase;
			buildActionMask = 2147483647;
			files = (
			);
			runOnlyForDeploymentPostprocessing = 0;
		};
/* End PBXResourcesBuildPhase section */

/* Begin PBXSourcesBuildPhase section */
		2B7FF7412E5F716000B7F51F /* Sources */ = {
			isa = PBXSourcesBuildPhase;
			buildActionMask = 2147483647;
			files = (
				2B0544A22E86A1F90092FA37 /* Tracker.xcdatamodeld in Sources */,
			);
			runOnlyForDeploymentPostprocessing = 0;
		};
		2B7FF75A2E5F716200B7F51F /* Sources */ = {
			isa = PBXSourcesBuildPhase;
			buildActionMask = 2147483647;
			files = (
			);
			runOnlyForDeploymentPostprocessing = 0;
		};
		2B7FF7642E5F716200B7F51F /* Sources */ = {
			isa = PBXSourcesBuildPhase;
			buildActionMask = 2147483647;
			files = (
			);
			runOnlyForDeploymentPostprocessing = 0;
		};
/* End PBXSourcesBuildPhase section */

/* Begin PBXTargetDependency section */
		2B7FF7602E5F716200B7F51F /* PBXTargetDependency */ = {
			isa = PBXTargetDependency;
			target = 2B7FF7442E5F716000B7F51F /* Tracker */;
			targetProxy = 2B7FF75F2E5F716200B7F51F /* PBXContainerItemProxy */;
		};
		2B7FF76A2E5F716200B7F51F /* PBXTargetDependency */ = {
			isa = PBXTargetDependency;
			target = 2B7FF7442E5F716000B7F51F /* Tracker */;
			targetProxy = 2B7FF7692E5F716200B7F51F /* PBXContainerItemProxy */;
		};
/* End PBXTargetDependency section */

/* Begin XCBuildConfiguration section */
		2B7FF7722E5F716200B7F51F /* Debug */ = {
			isa = XCBuildConfiguration;
			buildSettings = {
				ASSETCATALOG_COMPILER_APPICON_NAME = AppIcon;
				ASSETCATALOG_COMPILER_GLOBAL_ACCENT_COLOR_NAME = AccentColor;
				CODE_SIGN_IDENTITY = "Apple Development";
				CODE_SIGN_STYLE = Automatic;
				CURRENT_PROJECT_VERSION = 1;
				DEVELOPMENT_TEAM = 2ZAVZV46Z6;
				GENERATE_INFOPLIST_FILE = YES;
				INFOPLIST_FILE = Tracker/Info.plist;
				INFOPLIST_KEY_CFBundleDisplayName = Tracker;
				INFOPLIST_KEY_UIApplicationSupportsIndirectInputEvents = YES;
				INFOPLIST_KEY_UILaunchStoryboardName = LaunchScreen;
				INFOPLIST_KEY_UISupportedInterfaceOrientations = UIInterfaceOrientationPortrait;
				IPHONEOS_DEPLOYMENT_TARGET = 17.0;
				LD_RUNPATH_SEARCH_PATHS = (
					"$(inherited)",
					"@executable_path/Frameworks",
				);
				MARKETING_VERSION = 1.0;
				PRODUCT_BUNDLE_IDENTIFIER = ru.yandex.practicum.VoloshinTracker556;
				PRODUCT_NAME = "$(TARGET_NAME)";
				PROVISIONING_PROFILE_SPECIFIER = "";
				SWIFT_EMIT_LOC_STRINGS = YES;
				SWIFT_VERSION = 5.0;
				TARGETED_DEVICE_FAMILY = "1,2";
			};
			name = Debug;
		};
		2B7FF7732E5F716200B7F51F /* Release */ = {
			isa = XCBuildConfiguration;
			buildSettings = {
				ASSETCATALOG_COMPILER_APPICON_NAME = AppIcon;
				ASSETCATALOG_COMPILER_GLOBAL_ACCENT_COLOR_NAME = AccentColor;
				CODE_SIGN_IDENTITY = "Apple Development";
				CODE_SIGN_STYLE = Automatic;
				CURRENT_PROJECT_VERSION = 1;
				DEVELOPMENT_TEAM = 2ZAVZV46Z6;
				GENERATE_INFOPLIST_FILE = YES;
				INFOPLIST_FILE = Tracker/Info.plist;
				INFOPLIST_KEY_CFBundleDisplayName = Tracker;
				INFOPLIST_KEY_UIApplicationSupportsIndirectInputEvents = YES;
				INFOPLIST_KEY_UILaunchStoryboardName = LaunchScreen;
				INFOPLIST_KEY_UISupportedInterfaceOrientations = UIInterfaceOrientationPortrait;
				IPHONEOS_DEPLOYMENT_TARGET = 17.0;
				LD_RUNPATH_SEARCH_PATHS = (
					"$(inherited)",
					"@executable_path/Frameworks",
				);
				MARKETING_VERSION = 1.0;
				PRODUCT_BUNDLE_IDENTIFIER = ru.yandex.practicum.VoloshinTracker556;
				PRODUCT_NAME = "$(TARGET_NAME)";
				PROVISIONING_PROFILE_SPECIFIER = "";
				SWIFT_EMIT_LOC_STRINGS = YES;
				SWIFT_VERSION = 5.0;
				TARGETED_DEVICE_FAMILY = "1,2";
			};
			name = Release;
		};
		2B7FF7742E5F716200B7F51F /* Debug */ = {
			isa = XCBuildConfiguration;
			buildSettings = {
				ALWAYS_SEARCH_USER_PATHS = NO;
				ASSETCATALOG_COMPILER_GENERATE_SWIFT_ASSET_SYMBOL_EXTENSIONS = YES;
				CLANG_ANALYZER_LOCALIZABILITY_NONLOCALIZED = YES;
				CLANG_ANALYZER_NONNULL = YES;
				CLANG_ANALYZER_NUMBER_OBJECT_CONVERSION = YES_AGGRESSIVE;
				CLANG_CXX_LANGUAGE_STANDARD = "gnu++20";
				CLANG_ENABLE_MODULES = YES;
				CLANG_ENABLE_OBJC_ARC = YES;
				CLANG_ENABLE_OBJC_WEAK = YES;
				CLANG_WARN_BLOCK_CAPTURE_AUTORELEASING = YES;
				CLANG_WARN_BOOL_CONVERSION = YES;
				CLANG_WARN_COMMA = YES;
				CLANG_WARN_CONSTANT_CONVERSION = YES;
				CLANG_WARN_DEPRECATED_OBJC_IMPLEMENTATIONS = YES;
				CLANG_WARN_DIRECT_OBJC_ISA_USAGE = YES_ERROR;
				CLANG_WARN_DOCUMENTATION_COMMENTS = YES;
				CLANG_WARN_EMPTY_BODY = YES;
				CLANG_WARN_ENUM_CONVERSION = YES;
				CLANG_WARN_INFINITE_RECURSION = YES;
				CLANG_WARN_INT_CONVERSION = YES;
				CLANG_WARN_NON_LITERAL_NULL_CONVERSION = YES;
				CLANG_WARN_OBJC_IMPLICIT_RETAIN_SELF = YES;
				CLANG_WARN_OBJC_LITERAL_CONVERSION = YES;
				CLANG_WARN_OBJC_ROOT_CLASS = YES_ERROR;
				CLANG_WARN_QUOTED_INCLUDE_IN_FRAMEWORK_HEADER = YES;
				CLANG_WARN_RANGE_LOOP_ANALYSIS = YES;
				CLANG_WARN_STRICT_PROTOTYPES = YES;
				CLANG_WARN_SUSPICIOUS_MOVE = YES;
				CLANG_WARN_UNGUARDED_AVAILABILITY = YES_AGGRESSIVE;
				CLANG_WARN_UNREACHABLE_CODE = YES;
				CLANG_WARN__DUPLICATE_METHOD_MATCH = YES;
				COPY_PHASE_STRIP = NO;
				DEBUG_INFORMATION_FORMAT = dwarf;
				ENABLE_STRICT_OBJC_MSGSEND = YES;
				ENABLE_TESTABILITY = YES;
				ENABLE_USER_SCRIPT_SANDBOXING = YES;
				GCC_C_LANGUAGE_STANDARD = gnu17;
				GCC_DYNAMIC_NO_PIC = NO;
				GCC_NO_COMMON_BLOCKS = YES;
				GCC_OPTIMIZATION_LEVEL = 0;
				GCC_PREPROCESSOR_DEFINITIONS = (
					"DEBUG=1",
					"$(inherited)",
				);
				GCC_WARN_64_TO_32_BIT_CONVERSION = YES;
				GCC_WARN_ABOUT_RETURN_TYPE = YES_ERROR;
				GCC_WARN_UNDECLARED_SELECTOR = YES;
				GCC_WARN_UNINITIALIZED_AUTOS = YES_AGGRESSIVE;
				GCC_WARN_UNUSED_FUNCTION = YES;
				GCC_WARN_UNUSED_VARIABLE = YES;
				IPHONEOS_DEPLOYMENT_TARGET = 18.1;
				LOCALIZATION_PREFERS_STRING_CATALOGS = YES;
				MTL_ENABLE_DEBUG_INFO = INCLUDE_SOURCE;
				MTL_FAST_MATH = YES;
				ONLY_ACTIVE_ARCH = YES;
				SDKROOT = iphoneos;
				SWIFT_ACTIVE_COMPILATION_CONDITIONS = "DEBUG $(inherited)";
				SWIFT_OPTIMIZATION_LEVEL = "-Onone";
			};
			name = Debug;
		};
		2B7FF7752E5F716200B7F51F /* Release */ = {
			isa = XCBuildConfiguration;
			buildSettings = {
				ALWAYS_SEARCH_USER_PATHS = NO;
				ASSETCATALOG_COMPILER_GENERATE_SWIFT_ASSET_SYMBOL_EXTENSIONS = YES;
				CLANG_ANALYZER_LOCALIZABILITY_NONLOCALIZED = YES;
				CLANG_ANALYZER_NONNULL = YES;
				CLANG_ANALYZER_NUMBER_OBJECT_CONVERSION = YES_AGGRESSIVE;
				CLANG_CXX_LANGUAGE_STANDARD = "gnu++20";
				CLANG_ENABLE_MODULES = YES;
				CLANG_ENABLE_OBJC_ARC = YES;
				CLANG_ENABLE_OBJC_WEAK = YES;
				CLANG_WARN_BLOCK_CAPTURE_AUTORELEASING = YES;
				CLANG_WARN_BOOL_CONVERSION = YES;
				CLANG_WARN_COMMA = YES;
				CLANG_WARN_CONSTANT_CONVERSION = YES;
				CLANG_WARN_DEPRECATED_OBJC_IMPLEMENTATIONS = YES;
				CLANG_WARN_DIRECT_OBJC_ISA_USAGE = YES_ERROR;
				CLANG_WARN_DOCUMENTATION_COMMENTS = YES;
				CLANG_WARN_EMPTY_BODY = YES;
				CLANG_WARN_ENUM_CONVERSION = YES;
				CLANG_WARN_INFINITE_RECURSION = YES;
				CLANG_WARN_INT_CONVERSION = YES;
				CLANG_WARN_NON_LITERAL_NULL_CONVERSION = YES;
				CLANG_WARN_OBJC_IMPLICIT_RETAIN_SELF = YES;
				CLANG_WARN_OBJC_LITERAL_CONVERSION = YES;
				CLANG_WARN_OBJC_ROOT_CLASS = YES_ERROR;
				CLANG_WARN_QUOTED_INCLUDE_IN_FRAMEWORK_HEADER = YES;
				CLANG_WARN_RANGE_LOOP_ANALYSIS = YES;
				CLANG_WARN_STRICT_PROTOTYPES = YES;
				CLANG_WARN_SUSPICIOUS_MOVE = YES;
				CLANG_WARN_UNGUARDED_AVAILABILITY = YES_AGGRESSIVE;
				CLANG_WARN_UNREACHABLE_CODE = YES;
				CLANG_WARN__DUPLICATE_METHOD_MATCH = YES;
				COPY_PHASE_STRIP = NO;
				DEBUG_INFORMATION_FORMAT = "dwarf-with-dsym";
				ENABLE_NS_ASSERTIONS = NO;
				ENABLE_STRICT_OBJC_MSGSEND = YES;
				ENABLE_USER_SCRIPT_SANDBOXING = YES;
				GCC_C_LANGUAGE_STANDARD = gnu17;
				GCC_NO_COMMON_BLOCKS = YES;
				GCC_WARN_64_TO_32_BIT_CONVERSION = YES;
				GCC_WARN_ABOUT_RETURN_TYPE = YES_ERROR;
				GCC_WARN_UNDECLARED_SELECTOR = YES;
				GCC_WARN_UNINITIALIZED_AUTOS = YES_AGGRESSIVE;
				GCC_WARN_UNUSED_FUNCTION = YES;
				GCC_WARN_UNUSED_VARIABLE = YES;
				IPHONEOS_DEPLOYMENT_TARGET = 18.1;
				LOCALIZATION_PREFERS_STRING_CATALOGS = YES;
				MTL_ENABLE_DEBUG_INFO = NO;
				MTL_FAST_MATH = YES;
				SDKROOT = iphoneos;
				SWIFT_COMPILATION_MODE = wholemodule;
				VALIDATE_PRODUCT = YES;
			};
			name = Release;
		};
		2B7FF7772E5F716200B7F51F /* Debug */ = {
			isa = XCBuildConfiguration;
			buildSettings = {
				BUNDLE_LOADER = "$(TEST_HOST)";
				CODE_SIGN_STYLE = Automatic;
				CURRENT_PROJECT_VERSION = 1;
				DEVELOPMENT_TEAM = 2ZAVZV46Z6;
				GENERATE_INFOPLIST_FILE = YES;
				IPHONEOS_DEPLOYMENT_TARGET = 18.1;
				MARKETING_VERSION = 1.0;
				PRODUCT_BUNDLE_IDENTIFIER = ru.yandex.practicum.TrackerTests;
				PRODUCT_NAME = "$(TARGET_NAME)";
				SWIFT_EMIT_LOC_STRINGS = NO;
				SWIFT_VERSION = 5.0;
				TARGETED_DEVICE_FAMILY = "1,2";
				TEST_HOST = "$(BUILT_PRODUCTS_DIR)/Tracker.app/$(BUNDLE_EXECUTABLE_FOLDER_PATH)/Tracker";
			};
			name = Debug;
		};
		2B7FF7782E5F716200B7F51F /* Release */ = {
			isa = XCBuildConfiguration;
			buildSettings = {
				BUNDLE_LOADER = "$(TEST_HOST)";
				CODE_SIGN_STYLE = Automatic;
				CURRENT_PROJECT_VERSION = 1;
				DEVELOPMENT_TEAM = 2ZAVZV46Z6;
				GENERATE_INFOPLIST_FILE = YES;
				IPHONEOS_DEPLOYMENT_TARGET = 18.1;
				MARKETING_VERSION = 1.0;
				PRODUCT_BUNDLE_IDENTIFIER = ru.yandex.practicum.TrackerTests;
				PRODUCT_NAME = "$(TARGET_NAME)";
				SWIFT_EMIT_LOC_STRINGS = NO;
				SWIFT_VERSION = 5.0;
				TARGETED_DEVICE_FAMILY = "1,2";
				TEST_HOST = "$(BUILT_PRODUCTS_DIR)/Tracker.app/$(BUNDLE_EXECUTABLE_FOLDER_PATH)/Tracker";
			};
			name = Release;
		};
		2B7FF77A2E5F716200B7F51F /* Debug */ = {
			isa = XCBuildConfiguration;
			buildSettings = {
				CODE_SIGN_STYLE = Automatic;
				CURRENT_PROJECT_VERSION = 1;
				DEVELOPMENT_TEAM = 2ZAVZV46Z6;
				GENERATE_INFOPLIST_FILE = YES;
				MARKETING_VERSION = 1.0;
				PRODUCT_BUNDLE_IDENTIFIER = ru.yandex.practicum.TrackerUITests;
				PRODUCT_NAME = "$(TARGET_NAME)";
				SWIFT_EMIT_LOC_STRINGS = NO;
				SWIFT_VERSION = 5.0;
				TARGETED_DEVICE_FAMILY = "1,2";
				TEST_TARGET_NAME = Tracker;
			};
			name = Debug;
		};
		2B7FF77B2E5F716200B7F51F /* Release */ = {
			isa = XCBuildConfiguration;
			buildSettings = {
				CODE_SIGN_STYLE = Automatic;
				CURRENT_PROJECT_VERSION = 1;
				DEVELOPMENT_TEAM = 2ZAVZV46Z6;
				GENERATE_INFOPLIST_FILE = YES;
				MARKETING_VERSION = 1.0;
				PRODUCT_BUNDLE_IDENTIFIER = ru.yandex.practicum.TrackerUITests;
				PRODUCT_NAME = "$(TARGET_NAME)";
				SWIFT_EMIT_LOC_STRINGS = NO;
				SWIFT_VERSION = 5.0;
				TARGETED_DEVICE_FAMILY = "1,2";
				TEST_TARGET_NAME = Tracker;
			};
			name = Release;
		};
/* End XCBuildConfiguration section */

/* Begin XCConfigurationList section */
		2B7FF7402E5F716000B7F51F /* Build configuration list for PBXProject "Tracker" */ = {
			isa = XCConfigurationList;
			buildConfigurations = (
				2B7FF7742E5F716200B7F51F /* Debug */,
				2B7FF7752E5F716200B7F51F /* Release */,
			);
			defaultConfigurationIsVisible = 0;
			defaultConfigurationName = Release;
		};
		2B7FF7712E5F716200B7F51F /* Build configuration list for PBXNativeTarget "Tracker" */ = {
			isa = XCConfigurationList;
			buildConfigurations = (
				2B7FF7722E5F716200B7F51F /* Debug */,
				2B7FF7732E5F716200B7F51F /* Release */,
			);
			defaultConfigurationIsVisible = 0;
			defaultConfigurationName = Release;
		};
		2B7FF7762E5F716200B7F51F /* Build configuration list for PBXNativeTarget "TrackerTests" */ = {
			isa = XCConfigurationList;
			buildConfigurations = (
				2B7FF7772E5F716200B7F51F /* Debug */,
				2B7FF7782E5F716200B7F51F /* Release */,
			);
			defaultConfigurationIsVisible = 0;
			defaultConfigurationName = Release;
		};
		2B7FF7792E5F716200B7F51F /* Build configuration list for PBXNativeTarget "TrackerUITests" */ = {
			isa = XCConfigurationList;
			buildConfigurations = (
				2B7FF77A2E5F716200B7F51F /* Debug */,
				2B7FF77B2E5F716200B7F51F /* Release */,
			);
			defaultConfigurationIsVisible = 0;
			defaultConfigurationName = Release;
		};
/* End XCConfigurationList section */

/* Begin XCRemoteSwiftPackageReference section */
		2BD271242EA903F30006C455 /* XCRemoteSwiftPackageReference "swift-snapshot-testing" */ = {
			isa = XCRemoteSwiftPackageReference;
			repositoryURL = "https://github.com/pointfreeco/swift-snapshot-testing";
			requirement = {
				kind = upToNextMajorVersion;
				minimumVersion = 1.18.7;
			};
		};
		2BD271352EAA994F0006C455 /* XCRemoteSwiftPackageReference "appmetrica-sdk-ios" */ = {
			isa = XCRemoteSwiftPackageReference;
			repositoryURL = "https://github.com/appmetrica/appmetrica-sdk-ios";
			requirement = {
				kind = upToNextMajorVersion;
				minimumVersion = 5.14.0;
			};
		};
/* End XCRemoteSwiftPackageReference section */

/* Begin XCSwiftPackageProductDependency section */
		2BD271252EA903F30006C455 /* InlineSnapshotTesting */ = {
			isa = XCSwiftPackageProductDependency;
			package = 2BD271242EA903F30006C455 /* XCRemoteSwiftPackageReference "swift-snapshot-testing" */;
			productName = InlineSnapshotTesting;
		};
		2BD271272EA903F30006C455 /* SnapshotTesting */ = {
			isa = XCSwiftPackageProductDependency;
			package = 2BD271242EA903F30006C455 /* XCRemoteSwiftPackageReference "swift-snapshot-testing" */;
			productName = SnapshotTesting;
		};
		2BD271292EA903F30006C455 /* SnapshotTestingCustomDump */ = {
			isa = XCSwiftPackageProductDependency;
			package = 2BD271242EA903F30006C455 /* XCRemoteSwiftPackageReference "swift-snapshot-testing" */;
			productName = SnapshotTestingCustomDump;
		};
		2BD271362EAA994F0006C455 /* AppMetricaAdSupport */ = {
			isa = XCSwiftPackageProductDependency;
			package = 2BD271352EAA994F0006C455 /* XCRemoteSwiftPackageReference "appmetrica-sdk-ios" */;
			productName = AppMetricaAdSupport;
		};
		2BD271382EAA994F0006C455 /* AppMetricaCore */ = {
			isa = XCSwiftPackageProductDependency;
			package = 2BD271352EAA994F0006C455 /* XCRemoteSwiftPackageReference "appmetrica-sdk-ios" */;
			productName = AppMetricaCore;
		};
		2BD2713A2EAA994F0006C455 /* AppMetricaCrashes */ = {
			isa = XCSwiftPackageProductDependency;
			package = 2BD271352EAA994F0006C455 /* XCRemoteSwiftPackageReference "appmetrica-sdk-ios" */;
			productName = AppMetricaCrashes;
		};
		2BD2713C2EAA994F0006C455 /* AppMetricaIDSync */ = {
			isa = XCSwiftPackageProductDependency;
			package = 2BD271352EAA994F0006C455 /* XCRemoteSwiftPackageReference "appmetrica-sdk-ios" */;
			productName = AppMetricaIDSync;
		};
		2BD2713E2EAA994F0006C455 /* AppMetricaLibraryAdapter */ = {
			isa = XCSwiftPackageProductDependency;
			package = 2BD271352EAA994F0006C455 /* XCRemoteSwiftPackageReference "appmetrica-sdk-ios" */;
			productName = AppMetricaLibraryAdapter;
		};
/* End XCSwiftPackageProductDependency section */

/* Begin XCVersionGroup section */
		2B0544812E86A1F90092FA37 /* Tracker.xcdatamodeld */ = {
			isa = XCVersionGroup;
			children = (
				2B0544892E86A1F90092FA37 /* Tracker.xcdatamodel */,
			);
			currentVersion = 2B0544892E86A1F90092FA37 /* Tracker.xcdatamodel */;
			path = Tracker.xcdatamodeld;
			sourceTree = "<group>";
			versionGroupType = wrapper.xcdatamodel;
		};
/* End XCVersionGroup section */
	};
	rootObject = 2B7FF73D2E5F716000B7F51F /* Project object */;
}
